
Microsoft Visual Studio Solution File, Format Version 12.00
# Visual Studio Version 16
VisualStudioVersion = 16.0.33214.272
MinimumVisualStudioVersion = 10.0.40219.1
Project("{FAE04EC0-301F-11D3-BF4B-00C04F79EFBC}") = "TicketingSystem", "TicketingSystem.csproj", "{FC46010C-A3C6-40E2-AD52-625AF22FDF22}"
EndProject
Global
	GlobalSection(SolutionConfigurationPlatforms) = preSolution
		Debug|Any CPU = Debug|Any CPU
		Release|Any CPU = Release|Any CPU
	EndGlobalSection
	GlobalSection(ProjectConfigurationPlatforms) = postSolution
		{FC46010C-A3C6-40E2-AD52-625AF22FDF22}.Debug|Any CPU.ActiveCfg = Debug|Any CPU
		{FC46010C-A3C6-40E2-AD52-625AF22FDF22}.Debug|Any CPU.Build.0 = Debug|Any CPU
		{FC46010C-A3C6-40E2-AD52-625AF22FDF22}.Release|Any CPU.ActiveCfg = Release|Any CPU
		{FC46010C-A3C6-40E2-AD52-625AF22FDF22}.Release|Any CPU.Build.0 = Release|Any CPU
	EndGlobalSection
	GlobalSection(SolutionProperties) = preSolution
		HideSolutionNode = FALSE
	EndGlobalSection
	GlobalSection(ExtensibilityGlobals) = postSolution
		SolutionGuid = {38BC1E4A-4E80-4C4D-8538-FF607D680BE9}
	EndGlobalSection
EndGlobal
